// !$*UTF8*$!
{
	archiveVersion = 1;
	classes = {
	};
	objectVersion = 50;
	objects = {

/* Begin PBXBuildFile section */
		5E4F9B31F6CFE80036C94903 /* Pods_ATKearneyApp.framework in Frameworks */ = {isa = PBXBuildFile; fileRef = A43309481B9FA4BFDA12D4FC /* Pods_ATKearneyApp.framework */; };
		BD018F09224D022D00EEDB22 /* SurveyResultsViewController.swift in Sources */ = {isa = PBXBuildFile; fileRef = BD018F08224D022D00EEDB22 /* SurveyResultsViewController.swift */; };
		BD0C6D7422492A6A0096ECF8 /* GoogleService-Info.plist in Resources */ = {isa = PBXBuildFile; fileRef = BD0C6D7322492A6A0096ECF8 /* GoogleService-Info.plist */; };
		BD0C6D762249445C0096ECF8 /* NewSurveyViewController.swift in Sources */ = {isa = PBXBuildFile; fileRef = BD0C6D752249445B0096ECF8 /* NewSurveyViewController.swift */; };
		BD0E2F9F22412AC500BB7E57 /* Functions.swift in Sources */ = {isa = PBXBuildFile; fileRef = BD0E2F9E22412AC500BB7E57 /* Functions.swift */; };
		BD0E2FA222413C7D00BB7E57 /* CustomNavigationController.swift in Sources */ = {isa = PBXBuildFile; fileRef = BD0E2FA122413C7D00BB7E57 /* CustomNavigationController.swift */; };
		BD0E2FA62241429C00BB7E57 /* Reachability.swift in Sources */ = {isa = PBXBuildFile; fileRef = BD0E2FA52241429C00BB7E57 /* Reachability.swift */; };
		BD0E2FA8224151DA00BB7E57 /* Texts.swift in Sources */ = {isa = PBXBuildFile; fileRef = BD0E2FA7224151DA00BB7E57 /* Texts.swift */; };
		BD3BABC92239A8CD004521F4 /* UserCell.swift in Sources */ = {isa = PBXBuildFile; fileRef = BD3BABC72239A8CD004521F4 /* UserCell.swift */; };
		BD3BABCA2239A8CD004521F4 /* UserCell.xib in Resources */ = {isa = PBXBuildFile; fileRef = BD3BABC82239A8CD004521F4 /* UserCell.xib */; };
		BD4285642240177700E7D5EA /* EditUserViewController.swift in Sources */ = {isa = PBXBuildFile; fileRef = BD4285632240177700E7D5EA /* EditUserViewController.swift */; };
		BD428566224021B500E7D5EA /* EditPasswordViewController.swift in Sources */ = {isa = PBXBuildFile; fileRef = BD428565224021B500E7D5EA /* EditPasswordViewController.swift */; };
		BD4DC9B9223C21AE00E14F2F /* RegisterViewController.swift in Sources */ = {isa = PBXBuildFile; fileRef = BD4DC9B8223C21AE00E14F2F /* RegisterViewController.swift */; };
		BD4DC9BB223C27C400E14F2F /* ResetPassViewController.swift in Sources */ = {isa = PBXBuildFile; fileRef = BD4DC9BA223C27C300E14F2F /* ResetPassViewController.swift */; };
		BD4DC9BD223C476500E14F2F /* SelectedUser.swift in Sources */ = {isa = PBXBuildFile; fileRef = BD4DC9BC223C476500E14F2F /* SelectedUser.swift */; };
		BD4DC9BF223C4F9100E14F2F /* notes.txt in Resources */ = {isa = PBXBuildFile; fileRef = BD4DC9BE223C4F9100E14F2F /* notes.txt */; };
		BD7B690522395F2100C0DE35 /* AppDelegate.swift in Sources */ = {isa = PBXBuildFile; fileRef = BD7B690422395F2100C0DE35 /* AppDelegate.swift */; };
		BD7B690A22395F2100C0DE35 /* Main.storyboard in Resources */ = {isa = PBXBuildFile; fileRef = BD7B690822395F2100C0DE35 /* Main.storyboard */; };
		BD7B690C22395F2200C0DE35 /* Assets.xcassets in Resources */ = {isa = PBXBuildFile; fileRef = BD7B690B22395F2200C0DE35 /* Assets.xcassets */; };
		BD7B690F22395F2200C0DE35 /* LaunchScreen.storyboard in Resources */ = {isa = PBXBuildFile; fileRef = BD7B690D22395F2200C0DE35 /* LaunchScreen.storyboard */; };
		BD818FB722495D0E00D47B4A /* SelectedSurvey.swift in Sources */ = {isa = PBXBuildFile; fileRef = BD818FB622495D0E00D47B4A /* SelectedSurvey.swift */; };
		BD818FB922495D2600D47B4A /* Survey.swift in Sources */ = {isa = PBXBuildFile; fileRef = BD818FB822495D2600D47B4A /* Survey.swift */; };
		BD82B795223964A5003825D8 /* BaseViewController.swift in Sources */ = {isa = PBXBuildFile; fileRef = BD82B794223964A5003825D8 /* BaseViewController.swift */; };
		BD82B797223964AF003825D8 /* ProjectsViewController.swift in Sources */ = {isa = PBXBuildFile; fileRef = BD82B796223964AF003825D8 /* ProjectsViewController.swift */; };
		BD82B79D223966CC003825D8 /* FirebaseManager.swift in Sources */ = {isa = PBXBuildFile; fileRef = BD82B79C223966CC003825D8 /* FirebaseManager.swift */; };
		BD82B79F223969F6003825D8 /* V2 GoogleService-Info.plist in Resources */ = {isa = PBXBuildFile; fileRef = BD82B79E223969F6003825D8 /* V2 GoogleService-Info.plist */; };
		BD82B7A122396D9B003825D8 /* MyUser.swift in Sources */ = {isa = PBXBuildFile; fileRef = BD82B7A022396D9B003825D8 /* MyUser.swift */; };
		BD82B7A322397E1B003825D8 /* LoginViewController.swift in Sources */ = {isa = PBXBuildFile; fileRef = BD82B7A222397E1B003825D8 /* LoginViewController.swift */; };
		BD82B7A5223986C4003825D8 /* closeButton.png in Resources */ = {isa = PBXBuildFile; fileRef = BD82B7A4223986C4003825D8 /* closeButton.png */; };
		BD82B7A922398716003825D8 /* profileButton.png in Resources */ = {isa = PBXBuildFile; fileRef = BD82B7A822398715003825D8 /* profileButton.png */; };
		BD82B7AB223987B5003825D8 /* NewProjectViewController.swift in Sources */ = {isa = PBXBuildFile; fileRef = BD82B7AA223987B5003825D8 /* NewProjectViewController.swift */; };
		BD82B7AD22398A75003825D8 /* UsersViewController.swift in Sources */ = {isa = PBXBuildFile; fileRef = BD82B7AC22398A75003825D8 /* UsersViewController.swift */; };
		BD82B7AF22398B9F003825D8 /* backButton.png in Resources */ = {isa = PBXBuildFile; fileRef = BD82B7AE22398B9F003825D8 /* backButton.png */; };
		BD82B7B42239903D003825D8 /* UserSelectableCell.swift in Sources */ = {isa = PBXBuildFile; fileRef = BD82B7B22239903D003825D8 /* UserSelectableCell.swift */; };
		BD82B7B52239903D003825D8 /* UserSelectableCell.xib in Resources */ = {isa = PBXBuildFile; fileRef = BD82B7B32239903D003825D8 /* UserSelectableCell.xib */; };
		BD82FF4C22399984008F6304 /* SelectedProject.swift in Sources */ = {isa = PBXBuildFile; fileRef = BD82FF4B22399984008F6304 /* SelectedProject.swift */; };
		BD82FF4F22399E5D008F6304 /* checkON.png in Resources */ = {isa = PBXBuildFile; fileRef = BD82FF4D22399E5D008F6304 /* checkON.png */; };
		BD82FF5022399E5D008F6304 /* checkOFF.png in Resources */ = {isa = PBXBuildFile; fileRef = BD82FF4E22399E5D008F6304 /* checkOFF.png */; };
		BD85F36F2252A6BA004430D4 /* Device.swift in Sources */ = {isa = PBXBuildFile; fileRef = BD85F36E2252A6BA004430D4 /* Device.swift */; };
		BD886992224568F400468D4E /* whiteLogo.png in Resources */ = {isa = PBXBuildFile; fileRef = BD886991224568F400468D4E /* whiteLogo.png */; };
		BD8C69892242A63D00A25ED4 /* profileIcon.png in Resources */ = {isa = PBXBuildFile; fileRef = BD8C69882242A63C00A25ED4 /* profileIcon.png */; };
		BD8C698B2242A86900A25ED4 /* UIButtonExtension.swift in Sources */ = {isa = PBXBuildFile; fileRef = BD8C698A2242A86900A25ED4 /* UIButtonExtension.swift */; };
		BD8C698D2242EFEE00A25ED4 /* UIImageViewExtension.swift in Sources */ = {isa = PBXBuildFile; fileRef = BD8C698C2242EFEE00A25ED4 /* UIImageViewExtension.swift */; };
		BD8ED511224B99E5009059E9 /* AnwserSurveyViewController.swift in Sources */ = {isa = PBXBuildFile; fileRef = BD8ED510224B99E5009059E9 /* AnwserSurveyViewController.swift */; };
		BDAAAEC22249D2B100F21229 /* Values.swift in Sources */ = {isa = PBXBuildFile; fileRef = BDAAAEC12249D2B100F21229 /* Values.swift */; };
		BDC2D184223AB9E000B0D527 /* ProjectCell.swift in Sources */ = {isa = PBXBuildFile; fileRef = BDC2D182223AB9E000B0D527 /* ProjectCell.swift */; };
		BDC2D185223AB9E000B0D527 /* ProjectCell.xib in Resources */ = {isa = PBXBuildFile; fileRef = BDC2D183223AB9E000B0D527 /* ProjectCell.xib */; };
		BDC64AD5224A8B22000E1831 /* SurveyUsersViewController.swift in Sources */ = {isa = PBXBuildFile; fileRef = BDC64AD4224A8B22000E1831 /* SurveyUsersViewController.swift */; };
		BDC64AD9224ABCAF000E1831 /* SurveyCell.swift in Sources */ = {isa = PBXBuildFile; fileRef = BDC64AD7224ABCAF000E1831 /* SurveyCell.swift */; };
		BDC64ADA224ABCAF000E1831 /* SurveyCell.xib in Resources */ = {isa = PBXBuildFile; fileRef = BDC64AD8224ABCAF000E1831 /* SurveyCell.xib */; };
		BDDBA3BE223AC306005E96FF /* plusRedButton.png in Resources */ = {isa = PBXBuildFile; fileRef = BDDBA3BD223AC306005E96FF /* plusRedButton.png */; };
		BDDBA3C0223AC43E005E96FF /* ProjectDetailsViewController.swift in Sources */ = {isa = PBXBuildFile; fileRef = BDDBA3BF223AC43E005E96FF /* ProjectDetailsViewController.swift */; };
		BDDBA3C2223AF9D3005E96FF /* UserDetailsViewController.swift in Sources */ = {isa = PBXBuildFile; fileRef = BDDBA3C1223AF9D3005E96FF /* UserDetailsViewController.swift */; };
		BDF7D4502240600600D276CE /* User.swift in Sources */ = {isa = PBXBuildFile; fileRef = BDF7D44F2240600600D276CE /* User.swift */; };
		BDF7D45222406FD300D276CE /* Project.swift in Sources */ = {isa = PBXBuildFile; fileRef = BDF7D45122406FD300D276CE /* Project.swift */; };
		BDF901752243E72400F83E55 /* 29_x3.png in Resources */ = {isa = PBXBuildFile; fileRef = BDF901672243E71F00F83E55 /* 29_x3.png */; };
		BDF901762243E72400F83E55 /* 40_x1.png in Resources */ = {isa = PBXBuildFile; fileRef = BDF901682243E72000F83E55 /* 40_x1.png */; };
		BDF901782243E72400F83E55 /* 29_x2.png in Resources */ = {isa = PBXBuildFile; fileRef = BDF9016A2243E72000F83E55 /* 29_x2.png */; };
		BDF901792243E72400F83E55 /* 40_x2.png in Resources */ = {isa = PBXBuildFile; fileRef = BDF9016B2243E72100F83E55 /* 40_x2.png */; };
		BDF9017A2243E72400F83E55 /* 76_x1.png in Resources */ = {isa = PBXBuildFile; fileRef = BDF9016C2243E72100F83E55 /* 76_x1.png */; };
		BDF9017B2243E72400F83E55 /* 60_x3.png in Resources */ = {isa = PBXBuildFile; fileRef = BDF9016D2243E72100F83E55 /* 60_x3.png */; };
		BDF9017C2243E72400F83E55 /* 40_x3.png in Resources */ = {isa = PBXBuildFile; fileRef = BDF9016E2243E72200F83E55 /* 40_x3.png */; };
		BDF9017D2243E72400F83E55 /* 76_x2.png in Resources */ = {isa = PBXBuildFile; fileRef = BDF9016F2243E72200F83E55 /* 76_x2.png */; };
		BDF9017E2243E72400F83E55 /* 29_x1.png in Resources */ = {isa = PBXBuildFile; fileRef = BDF901702243E72200F83E55 /* 29_x1.png */; };
		BDF9017F2243E72400F83E55 /* 60_x2.png in Resources */ = {isa = PBXBuildFile; fileRef = BDF901712243E72300F83E55 /* 60_x2.png */; };
		BDF901802243E72400F83E55 /* 20_x1.png in Resources */ = {isa = PBXBuildFile; fileRef = BDF901722243E72300F83E55 /* 20_x1.png */; };
		BDF901812243E72400F83E55 /* 83.5_x2.png in Resources */ = {isa = PBXBuildFile; fileRef = BDF901732243E72300F83E55 /* 83.5_x2.png */; };
		BDF901822243E72400F83E55 /* 1024_x1.png in Resources */ = {isa = PBXBuildFile; fileRef = BDF901742243E72400F83E55 /* 1024_x1.png */; };
		BDF901842243E79E00F83E55 /* 20_x3.png in Resources */ = {isa = PBXBuildFile; fileRef = BDF901832243E79E00F83E55 /* 20_x3.png */; };
/* End PBXBuildFile section */

/* Begin PBXFileReference section */
		A43309481B9FA4BFDA12D4FC /* Pods_ATKearneyApp.framework */ = {isa = PBXFileReference; explicitFileType = wrapper.framework; includeInIndex = 0; path = Pods_ATKearneyApp.framework; sourceTree = BUILT_PRODUCTS_DIR; };
		BD018F08224D022D00EEDB22 /* SurveyResultsViewController.swift */ = {isa = PBXFileReference; lastKnownFileType = sourcecode.swift; path = SurveyResultsViewController.swift; sourceTree = "<group>"; };
		BD0C6D7322492A6A0096ECF8 /* GoogleService-Info.plist */ = {isa = PBXFileReference; fileEncoding = 4; lastKnownFileType = text.plist.xml; path = "GoogleService-Info.plist"; sourceTree = "<group>"; };
		BD0C6D752249445B0096ECF8 /* NewSurveyViewController.swift */ = {isa = PBXFileReference; lastKnownFileType = sourcecode.swift; path = NewSurveyViewController.swift; sourceTree = "<group>"; };
		BD0E2F9E22412AC500BB7E57 /* Functions.swift */ = {isa = PBXFileReference; lastKnownFileType = sourcecode.swift; path = Functions.swift; sourceTree = "<group>"; };
		BD0E2FA122413C7D00BB7E57 /* CustomNavigationController.swift */ = {isa = PBXFileReference; lastKnownFileType = sourcecode.swift; path = CustomNavigationController.swift; sourceTree = "<group>"; };
		BD0E2FA52241429C00BB7E57 /* Reachability.swift */ = {isa = PBXFileReference; fileEncoding = 4; lastKnownFileType = sourcecode.swift; path = Reachability.swift; sourceTree = "<group>"; };
		BD0E2FA7224151DA00BB7E57 /* Texts.swift */ = {isa = PBXFileReference; lastKnownFileType = sourcecode.swift; path = Texts.swift; sourceTree = "<group>"; };
		BD3BABC72239A8CD004521F4 /* UserCell.swift */ = {isa = PBXFileReference; lastKnownFileType = sourcecode.swift; path = UserCell.swift; sourceTree = "<group>"; };
		BD3BABC82239A8CD004521F4 /* UserCell.xib */ = {isa = PBXFileReference; lastKnownFileType = file.xib; path = UserCell.xib; sourceTree = "<group>"; };
		BD4285632240177700E7D5EA /* EditUserViewController.swift */ = {isa = PBXFileReference; lastKnownFileType = sourcecode.swift; path = EditUserViewController.swift; sourceTree = "<group>"; };
		BD428565224021B500E7D5EA /* EditPasswordViewController.swift */ = {isa = PBXFileReference; lastKnownFileType = sourcecode.swift; path = EditPasswordViewController.swift; sourceTree = "<group>"; };
		BD4DC9B8223C21AE00E14F2F /* RegisterViewController.swift */ = {isa = PBXFileReference; lastKnownFileType = sourcecode.swift; path = RegisterViewController.swift; sourceTree = "<group>"; };
		BD4DC9BA223C27C300E14F2F /* ResetPassViewController.swift */ = {isa = PBXFileReference; lastKnownFileType = sourcecode.swift; path = ResetPassViewController.swift; sourceTree = "<group>"; };
		BD4DC9BC223C476500E14F2F /* SelectedUser.swift */ = {isa = PBXFileReference; lastKnownFileType = sourcecode.swift; path = SelectedUser.swift; sourceTree = "<group>"; };
		BD4DC9BE223C4F9100E14F2F /* notes.txt */ = {isa = PBXFileReference; lastKnownFileType = text; path = notes.txt; sourceTree = "<group>"; };
		BD7B690122395F2100C0DE35 /* ATKearneyApp.app */ = {isa = PBXFileReference; explicitFileType = wrapper.application; includeInIndex = 0; path = ATKearneyApp.app; sourceTree = BUILT_PRODUCTS_DIR; };
		BD7B690422395F2100C0DE35 /* AppDelegate.swift */ = {isa = PBXFileReference; lastKnownFileType = sourcecode.swift; path = AppDelegate.swift; sourceTree = "<group>"; };
		BD7B690922395F2100C0DE35 /* Base */ = {isa = PBXFileReference; lastKnownFileType = file.storyboard; name = Base; path = Base.lproj/Main.storyboard; sourceTree = "<group>"; };
		BD7B690B22395F2200C0DE35 /* Assets.xcassets */ = {isa = PBXFileReference; lastKnownFileType = folder.assetcatalog; path = Assets.xcassets; sourceTree = "<group>"; };
		BD7B690E22395F2200C0DE35 /* Base */ = {isa = PBXFileReference; lastKnownFileType = file.storyboard; name = Base; path = Base.lproj/LaunchScreen.storyboard; sourceTree = "<group>"; };
		BD7B691022395F2200C0DE35 /* Info.plist */ = {isa = PBXFileReference; lastKnownFileType = text.plist.xml; path = Info.plist; sourceTree = "<group>"; };
		BD818FB622495D0E00D47B4A /* SelectedSurvey.swift */ = {isa = PBXFileReference; lastKnownFileType = sourcecode.swift; path = SelectedSurvey.swift; sourceTree = "<group>"; };
		BD818FB822495D2600D47B4A /* Survey.swift */ = {isa = PBXFileReference; lastKnownFileType = sourcecode.swift; path = Survey.swift; sourceTree = "<group>"; };
		BD82B794223964A5003825D8 /* BaseViewController.swift */ = {isa = PBXFileReference; lastKnownFileType = sourcecode.swift; path = BaseViewController.swift; sourceTree = "<group>"; };
		BD82B796223964AF003825D8 /* ProjectsViewController.swift */ = {isa = PBXFileReference; lastKnownFileType = sourcecode.swift; path = ProjectsViewController.swift; sourceTree = "<group>"; };
		BD82B79C223966CC003825D8 /* FirebaseManager.swift */ = {isa = PBXFileReference; lastKnownFileType = sourcecode.swift; path = FirebaseManager.swift; sourceTree = "<group>"; };
		BD82B79E223969F6003825D8 /* V2 GoogleService-Info.plist */ = {isa = PBXFileReference; fileEncoding = 4; lastKnownFileType = text.plist.xml; path = "V2 GoogleService-Info.plist"; sourceTree = "<group>"; };
		BD82B7A022396D9B003825D8 /* MyUser.swift */ = {isa = PBXFileReference; lastKnownFileType = sourcecode.swift; path = MyUser.swift; sourceTree = "<group>"; };
		BD82B7A222397E1B003825D8 /* LoginViewController.swift */ = {isa = PBXFileReference; lastKnownFileType = sourcecode.swift; path = LoginViewController.swift; sourceTree = "<group>"; };
		BD82B7A4223986C4003825D8 /* closeButton.png */ = {isa = PBXFileReference; lastKnownFileType = image.png; path = closeButton.png; sourceTree = "<group>"; };
		BD82B7A822398715003825D8 /* profileButton.png */ = {isa = PBXFileReference; lastKnownFileType = image.png; path = profileButton.png; sourceTree = "<group>"; };
		BD82B7AA223987B5003825D8 /* NewProjectViewController.swift */ = {isa = PBXFileReference; lastKnownFileType = sourcecode.swift; path = NewProjectViewController.swift; sourceTree = "<group>"; };
		BD82B7AC22398A75003825D8 /* UsersViewController.swift */ = {isa = PBXFileReference; lastKnownFileType = sourcecode.swift; path = UsersViewController.swift; sourceTree = "<group>"; };
		BD82B7AE22398B9F003825D8 /* backButton.png */ = {isa = PBXFileReference; lastKnownFileType = image.png; path = backButton.png; sourceTree = "<group>"; };
		BD82B7B22239903D003825D8 /* UserSelectableCell.swift */ = {isa = PBXFileReference; lastKnownFileType = sourcecode.swift; path = UserSelectableCell.swift; sourceTree = "<group>"; };
		BD82B7B32239903D003825D8 /* UserSelectableCell.xib */ = {isa = PBXFileReference; lastKnownFileType = file.xib; path = UserSelectableCell.xib; sourceTree = "<group>"; };
		BD82FF4B22399984008F6304 /* SelectedProject.swift */ = {isa = PBXFileReference; lastKnownFileType = sourcecode.swift; path = SelectedProject.swift; sourceTree = "<group>"; };
		BD82FF4D22399E5D008F6304 /* checkON.png */ = {isa = PBXFileReference; lastKnownFileType = image.png; path = checkON.png; sourceTree = "<group>"; };
		BD82FF4E22399E5D008F6304 /* checkOFF.png */ = {isa = PBXFileReference; lastKnownFileType = image.png; path = checkOFF.png; sourceTree = "<group>"; };
		BD85F36E2252A6BA004430D4 /* Device.swift */ = {isa = PBXFileReference; lastKnownFileType = sourcecode.swift; path = Device.swift; sourceTree = "<group>"; };
		BD886991224568F400468D4E /* whiteLogo.png */ = {isa = PBXFileReference; lastKnownFileType = image.png; path = whiteLogo.png; sourceTree = "<group>"; };
		BD8C69882242A63C00A25ED4 /* profileIcon.png */ = {isa = PBXFileReference; lastKnownFileType = image.png; path = profileIcon.png; sourceTree = "<group>"; };
		BD8C698A2242A86900A25ED4 /* UIButtonExtension.swift */ = {isa = PBXFileReference; lastKnownFileType = sourcecode.swift; path = UIButtonExtension.swift; sourceTree = "<group>"; };
		BD8C698C2242EFEE00A25ED4 /* UIImageViewExtension.swift */ = {isa = PBXFileReference; lastKnownFileType = sourcecode.swift; path = UIImageViewExtension.swift; sourceTree = "<group>"; };
		BD8ED510224B99E5009059E9 /* AnwserSurveyViewController.swift */ = {isa = PBXFileReference; lastKnownFileType = sourcecode.swift; path = AnwserSurveyViewController.swift; sourceTree = "<group>"; };
		BDAAAEC12249D2B100F21229 /* Values.swift */ = {isa = PBXFileReference; lastKnownFileType = sourcecode.swift; path = Values.swift; sourceTree = "<group>"; };
		BDC2D182223AB9E000B0D527 /* ProjectCell.swift */ = {isa = PBXFileReference; lastKnownFileType = sourcecode.swift; path = ProjectCell.swift; sourceTree = "<group>"; };
		BDC2D183223AB9E000B0D527 /* ProjectCell.xib */ = {isa = PBXFileReference; lastKnownFileType = file.xib; path = ProjectCell.xib; sourceTree = "<group>"; };
		BDC64AD4224A8B22000E1831 /* SurveyUsersViewController.swift */ = {isa = PBXFileReference; lastKnownFileType = sourcecode.swift; path = SurveyUsersViewController.swift; sourceTree = "<group>"; };
		BDC64AD7224ABCAF000E1831 /* SurveyCell.swift */ = {isa = PBXFileReference; lastKnownFileType = sourcecode.swift; path = SurveyCell.swift; sourceTree = "<group>"; };
		BDC64AD8224ABCAF000E1831 /* SurveyCell.xib */ = {isa = PBXFileReference; lastKnownFileType = file.xib; path = SurveyCell.xib; sourceTree = "<group>"; };
		BDDBA3BD223AC306005E96FF /* plusRedButton.png */ = {isa = PBXFileReference; lastKnownFileType = image.png; path = plusRedButton.png; sourceTree = "<group>"; };
		BDDBA3BF223AC43E005E96FF /* ProjectDetailsViewController.swift */ = {isa = PBXFileReference; lastKnownFileType = sourcecode.swift; path = ProjectDetailsViewController.swift; sourceTree = "<group>"; };
		BDDBA3C1223AF9D3005E96FF /* UserDetailsViewController.swift */ = {isa = PBXFileReference; lastKnownFileType = sourcecode.swift; path = UserDetailsViewController.swift; sourceTree = "<group>"; };
		BDECB49B22524A75000A6F09 /* ATKearneyApp.entitlements */ = {isa = PBXFileReference; lastKnownFileType = text.plist.entitlements; path = ATKearneyApp.entitlements; sourceTree = "<group>"; };
		BDF7D44F2240600600D276CE /* User.swift */ = {isa = PBXFileReference; lastKnownFileType = sourcecode.swift; path = User.swift; sourceTree = "<group>"; };
		BDF7D45122406FD300D276CE /* Project.swift */ = {isa = PBXFileReference; lastKnownFileType = sourcecode.swift; path = Project.swift; sourceTree = "<group>"; };
		BDF901672243E71F00F83E55 /* 29_x3.png */ = {isa = PBXFileReference; lastKnownFileType = image.png; path = 29_x3.png; sourceTree = "<group>"; };
		BDF901682243E72000F83E55 /* 40_x1.png */ = {isa = PBXFileReference; lastKnownFileType = image.png; path = 40_x1.png; sourceTree = "<group>"; };
		BDF9016A2243E72000F83E55 /* 29_x2.png */ = {isa = PBXFileReference; lastKnownFileType = image.png; path = 29_x2.png; sourceTree = "<group>"; };
		BDF9016B2243E72100F83E55 /* 40_x2.png */ = {isa = PBXFileReference; lastKnownFileType = image.png; path = 40_x2.png; sourceTree = "<group>"; };
		BDF9016C2243E72100F83E55 /* 76_x1.png */ = {isa = PBXFileReference; lastKnownFileType = image.png; path = 76_x1.png; sourceTree = "<group>"; };
		BDF9016D2243E72100F83E55 /* 60_x3.png */ = {isa = PBXFileReference; lastKnownFileType = image.png; path = 60_x3.png; sourceTree = "<group>"; };
		BDF9016E2243E72200F83E55 /* 40_x3.png */ = {isa = PBXFileReference; lastKnownFileType = image.png; path = 40_x3.png; sourceTree = "<group>"; };
		BDF9016F2243E72200F83E55 /* 76_x2.png */ = {isa = PBXFileReference; lastKnownFileType = image.png; path = 76_x2.png; sourceTree = "<group>"; };
		BDF901702243E72200F83E55 /* 29_x1.png */ = {isa = PBXFileReference; lastKnownFileType = image.png; path = 29_x1.png; sourceTree = "<group>"; };
		BDF901712243E72300F83E55 /* 60_x2.png */ = {isa = PBXFileReference; lastKnownFileType = image.png; path = 60_x2.png; sourceTree = "<group>"; };
		BDF901722243E72300F83E55 /* 20_x1.png */ = {isa = PBXFileReference; lastKnownFileType = image.png; path = 20_x1.png; sourceTree = "<group>"; };
		BDF901732243E72300F83E55 /* 83.5_x2.png */ = {isa = PBXFileReference; lastKnownFileType = image.png; path = 83.5_x2.png; sourceTree = "<group>"; };
		BDF901742243E72400F83E55 /* 1024_x1.png */ = {isa = PBXFileReference; lastKnownFileType = image.png; path = 1024_x1.png; sourceTree = "<group>"; };
		BDF901832243E79E00F83E55 /* 20_x3.png */ = {isa = PBXFileReference; lastKnownFileType = image.png; path = 20_x3.png; sourceTree = "<group>"; };
		C6D672A18292CFB9EFD13DB9 /* Pods-ATKearneyApp.debug.xcconfig */ = {isa = PBXFileReference; includeInIndex = 1; lastKnownFileType = text.xcconfig; name = "Pods-ATKearneyApp.debug.xcconfig"; path = "Pods/Target Support Files/Pods-ATKearneyApp/Pods-ATKearneyApp.debug.xcconfig"; sourceTree = "<group>"; };
		D99FF67ABA930557895509B0 /* Pods-ATKearneyApp.release.xcconfig */ = {isa = PBXFileReference; includeInIndex = 1; lastKnownFileType = text.xcconfig; name = "Pods-ATKearneyApp.release.xcconfig"; path = "Pods/Target Support Files/Pods-ATKearneyApp/Pods-ATKearneyApp.release.xcconfig"; sourceTree = "<group>"; };
/* End PBXFileReference section */

/* Begin PBXFrameworksBuildPhase section */
		BD7B68FE22395F2100C0DE35 /* Frameworks */ = {
			isa = PBXFrameworksBuildPhase;
			buildActionMask = 2147483647;
			files = (
				5E4F9B31F6CFE80036C94903 /* Pods_ATKearneyApp.framework in Frameworks */,
			);
			runOnlyForDeploymentPostprocessing = 0;
		};
/* End PBXFrameworksBuildPhase section */

/* Begin PBXGroup section */
		167FEE45308838AD344C684B /* Pods */ = {
			isa = PBXGroup;
			children = (
				C6D672A18292CFB9EFD13DB9 /* Pods-ATKearneyApp.debug.xcconfig */,
				D99FF67ABA930557895509B0 /* Pods-ATKearneyApp.release.xcconfig */,
			);
			name = Pods;
			sourceTree = "<group>";
		};
		BD0E2FA022412ACA00BB7E57 /* Entities */ = {
			isa = PBXGroup;
			children = (
				BDF7D44F2240600600D276CE /* User.swift */,
				BDF7D45122406FD300D276CE /* Project.swift */,
				BD818FB822495D2600D47B4A /* Survey.swift */,
			);
			path = Entities;
			sourceTree = "<group>";
		};
		BD0E2FA322413C8E00BB7E57 /* Components */ = {
			isa = PBXGroup;
			children = (
				BD0E2FA122413C7D00BB7E57 /* CustomNavigationController.swift */,
				BD8C698A2242A86900A25ED4 /* UIButtonExtension.swift */,
				BD8C698C2242EFEE00A25ED4 /* UIImageViewExtension.swift */,
			);
			path = Components;
			sourceTree = "<group>";
		};
		BD0E2FA42241428A00BB7E57 /* Third party */ = {
			isa = PBXGroup;
			children = (
				BD0E2FA52241429C00BB7E57 /* Reachability.swift */,
			);
			path = "Third party";
			sourceTree = "<group>";
		};
		BD3663D0224E5B2F008EA936 /* Auth */ = {
			isa = PBXGroup;
			children = (
				BD82B7A222397E1B003825D8 /* LoginViewController.swift */,
				BD4DC9B8223C21AE00E14F2F /* RegisterViewController.swift */,
				BD4DC9BA223C27C300E14F2F /* ResetPassViewController.swift */,
			);
			path = Auth;
			sourceTree = "<group>";
		};
		BD3663D1224E5B45008EA936 /* Projects */ = {
			isa = PBXGroup;
			children = (
				BD82B796223964AF003825D8 /* ProjectsViewController.swift */,
				BD82B7AA223987B5003825D8 /* NewProjectViewController.swift */,
				BD82B7AC22398A75003825D8 /* UsersViewController.swift */,
				BDDBA3BF223AC43E005E96FF /* ProjectDetailsViewController.swift */,
			);
			path = Projects;
			sourceTree = "<group>";
		};
		BD3663D2224E5B5D008EA936 /* Users */ = {
			isa = PBXGroup;
			children = (
				BDDBA3C1223AF9D3005E96FF /* UserDetailsViewController.swift */,
				BD4285632240177700E7D5EA /* EditUserViewController.swift */,
				BD428565224021B500E7D5EA /* EditPasswordViewController.swift */,
			);
			path = Users;
			sourceTree = "<group>";
		};
		BD3663D3224E5B6D008EA936 /* Surveys */ = {
			isa = PBXGroup;
			children = (
				BD0C6D752249445B0096ECF8 /* NewSurveyViewController.swift */,
				BDC64AD4224A8B22000E1831 /* SurveyUsersViewController.swift */,
				BD8ED510224B99E5009059E9 /* AnwserSurveyViewController.swift */,
				BD018F08224D022D00EEDB22 /* SurveyResultsViewController.swift */,
			);
			path = Surveys;
			sourceTree = "<group>";
		};
		BD3BABC42239A8A0004521F4 /* UserCell */ = {
			isa = PBXGroup;
			children = (
				BD3BABC72239A8CD004521F4 /* UserCell.swift */,
				BD3BABC82239A8CD004521F4 /* UserCell.xib */,
			);
			path = UserCell;
			sourceTree = "<group>";
		};
		BD7B68F822395F2100C0DE35 = {
			isa = PBXGroup;
			children = (
				BD7B690322395F2100C0DE35 /* ATKearneyApp */,
				BD7B690222395F2100C0DE35 /* Products */,
				167FEE45308838AD344C684B /* Pods */,
				ED56C1DE91837A34DED2AC26 /* Frameworks */,
			);
			sourceTree = "<group>";
		};
		BD7B690222395F2100C0DE35 /* Products */ = {
			isa = PBXGroup;
			children = (
				BD7B690122395F2100C0DE35 /* ATKearneyApp.app */,
			);
			name = Products;
			sourceTree = "<group>";
		};
		BD7B690322395F2100C0DE35 /* ATKearneyApp */ = {
			isa = PBXGroup;
			children = (
				BDECB49B22524A75000A6F09 /* ATKearneyApp.entitlements */,
				BD4DC9BE223C4F9100E14F2F /* notes.txt */,
				BDAAAEC12249D2B100F21229 /* Values.swift */,
				BD0E2FA7224151DA00BB7E57 /* Texts.swift */,
				BD82B792223961F0003825D8 /* App */,
				BDF7D44E22405FEF00D276CE /* Utils */,
				BD82B78F223961C5003825D8 /* Firebase */,
				BD82B7932239648E003825D8 /* ViewControllers */,
				BD82B7B62239917E003825D8 /* Cells */,
				BD82B798223964F7003825D8 /* Resources */,
			);
			path = ATKearneyApp;
			sourceTree = "<group>";
		};
		BD82B78F223961C5003825D8 /* Firebase */ = {
			isa = PBXGroup;
			children = (
				BD82B79C223966CC003825D8 /* FirebaseManager.swift */,
				BD0C6D7322492A6A0096ECF8 /* GoogleService-Info.plist */,
				BD82B79E223969F6003825D8 /* V2 GoogleService-Info.plist */,
			);
			path = Firebase;
			sourceTree = "<group>";
		};
		BD82B792223961F0003825D8 /* App */ = {
			isa = PBXGroup;
			children = (
				BD7B690422395F2100C0DE35 /* AppDelegate.swift */,
				BD7B691022395F2200C0DE35 /* Info.plist */,
			);
			path = App;
			sourceTree = "<group>";
		};
		BD82B7932239648E003825D8 /* ViewControllers */ = {
			isa = PBXGroup;
			children = (
				BD82B794223964A5003825D8 /* BaseViewController.swift */,
				BD3663D0224E5B2F008EA936 /* Auth */,
				BD3663D1224E5B45008EA936 /* Projects */,
				BD3663D2224E5B5D008EA936 /* Users */,
				BD3663D3224E5B6D008EA936 /* Surveys */,
			);
			path = ViewControllers;
			sourceTree = "<group>";
		};
		BD82B798223964F7003825D8 /* Resources */ = {
			isa = PBXGroup;
			children = (
				BD7B690822395F2100C0DE35 /* Main.storyboard */,
				BD82B79922396511003825D8 /* Files */,
			);
			path = Resources;
			sourceTree = "<group>";
		};
		BD82B79922396511003825D8 /* Files */ = {
			isa = PBXGroup;
			children = (
				BDF901662243E71000F83E55 /* Icons */,
				BD8C69882242A63C00A25ED4 /* profileIcon.png */,
				BD82B7A822398715003825D8 /* profileButton.png */,
				BD82B7A4223986C4003825D8 /* closeButton.png */,
				BD82B7AE22398B9F003825D8 /* backButton.png */,
				BD82FF4E22399E5D008F6304 /* checkOFF.png */,
				BD82FF4D22399E5D008F6304 /* checkON.png */,
				BDDBA3BD223AC306005E96FF /* plusRedButton.png */,
				BD7B690B22395F2200C0DE35 /* Assets.xcassets */,
				BD7B690D22395F2200C0DE35 /* LaunchScreen.storyboard */,
			);
			path = Files;
			sourceTree = "<group>";
		};
		BD82B7B62239917E003825D8 /* Cells */ = {
			isa = PBXGroup;
			children = (
				BD82FF512239A832008F6304 /* UserSelectableCell */,
				BD3BABC42239A8A0004521F4 /* UserCell */,
				BDC2D181223AB9C100B0D527 /* ProjectCell */,
				BDC64AD6224ABC86000E1831 /* SurveyCell */,
			);
			path = Cells;
			sourceTree = "<group>";
		};
		BD82FF512239A832008F6304 /* UserSelectableCell */ = {
			isa = PBXGroup;
			children = (
				BD82B7B22239903D003825D8 /* UserSelectableCell.swift */,
				BD82B7B32239903D003825D8 /* UserSelectableCell.xib */,
			);
			path = UserSelectableCell;
			sourceTree = "<group>";
		};
		BDC2D181223AB9C100B0D527 /* ProjectCell */ = {
			isa = PBXGroup;
			children = (
				BDC2D182223AB9E000B0D527 /* ProjectCell.swift */,
				BDC2D183223AB9E000B0D527 /* ProjectCell.xib */,
			);
			path = ProjectCell;
			sourceTree = "<group>";
		};
		BDC64AD6224ABC86000E1831 /* SurveyCell */ = {
			isa = PBXGroup;
			children = (
				BDC64AD7224ABCAF000E1831 /* SurveyCell.swift */,
				BDC64AD8224ABCAF000E1831 /* SurveyCell.xib */,
			);
			path = SurveyCell;
			sourceTree = "<group>";
		};
		BDD38A522239F7D100819809 /* Singletons */ = {
			isa = PBXGroup;
			children = (
				BD82B7A022396D9B003825D8 /* MyUser.swift */,
				BD85F36E2252A6BA004430D4 /* Device.swift */,
				BD4DC9BC223C476500E14F2F /* SelectedUser.swift */,
				BD82FF4B22399984008F6304 /* SelectedProject.swift */,
				BD818FB622495D0E00D47B4A /* SelectedSurvey.swift */,
			);
			path = Singletons;
			sourceTree = "<group>";
		};
		BDF7D44E22405FEF00D276CE /* Utils */ = {
			isa = PBXGroup;
			children = (
				BD0E2FA022412ACA00BB7E57 /* Entities */,
				BD0E2FA322413C8E00BB7E57 /* Components */,
				BDD38A522239F7D100819809 /* Singletons */,
				BD0E2FA42241428A00BB7E57 /* Third party */,
				BD0E2F9E22412AC500BB7E57 /* Functions.swift */,
			);
			path = Utils;
			sourceTree = "<group>";
		};
		BDF901662243E71000F83E55 /* Icons */ = {
			isa = PBXGroup;
			children = (
				BD886991224568F400468D4E /* whiteLogo.png */,
				BDF901722243E72300F83E55 /* 20_x1.png */,
				BDF901832243E79E00F83E55 /* 20_x3.png */,
				BDF901702243E72200F83E55 /* 29_x1.png */,
				BDF9016A2243E72000F83E55 /* 29_x2.png */,
				BDF901672243E71F00F83E55 /* 29_x3.png */,
				BDF901682243E72000F83E55 /* 40_x1.png */,
				BDF9016B2243E72100F83E55 /* 40_x2.png */,
				BDF9016E2243E72200F83E55 /* 40_x3.png */,
				BDF901712243E72300F83E55 /* 60_x2.png */,
				BDF9016D2243E72100F83E55 /* 60_x3.png */,
				BDF9016C2243E72100F83E55 /* 76_x1.png */,
				BDF9016F2243E72200F83E55 /* 76_x2.png */,
				BDF901732243E72300F83E55 /* 83.5_x2.png */,
				BDF901742243E72400F83E55 /* 1024_x1.png */,
			);
			path = Icons;
			sourceTree = "<group>";
		};
		ED56C1DE91837A34DED2AC26 /* Frameworks */ = {
			isa = PBXGroup;
			children = (
				A43309481B9FA4BFDA12D4FC /* Pods_ATKearneyApp.framework */,
			);
			name = Frameworks;
			sourceTree = "<group>";
		};
/* End PBXGroup section */

/* Begin PBXNativeTarget section */
		BD7B690022395F2100C0DE35 /* ATKearneyApp */ = {
			isa = PBXNativeTarget;
			buildConfigurationList = BD7B691322395F2200C0DE35 /* Build configuration list for PBXNativeTarget "ATKearneyApp" */;
			buildPhases = (
				5D6AE42F668566EF83FC944C /* [CP] Check Pods Manifest.lock */,
				BD7B68FD22395F2100C0DE35 /* Sources */,
				BD7B68FE22395F2100C0DE35 /* Frameworks */,
				BD7B68FF22395F2100C0DE35 /* Resources */,
				1CF06FE292D13D68C0462993 /* [CP] Embed Pods Frameworks */,
			);
			buildRules = (
			);
			dependencies = (
			);
			name = ATKearneyApp;
			productName = ATKearneyApp;
			productReference = BD7B690122395F2100C0DE35 /* ATKearneyApp.app */;
			productType = "com.apple.product-type.application";
		};
/* End PBXNativeTarget section */

/* Begin PBXProject section */
		BD7B68F922395F2100C0DE35 /* Project object */ = {
			isa = PBXProject;
			attributes = {
				LastSwiftUpdateCheck = 1010;
				LastUpgradeCheck = 1010;
				ORGANIZATIONNAME = "Federico Lopez";
				TargetAttributes = {
					BD7B690022395F2100C0DE35 = {
						CreatedOnToolsVersion = 10.1;
						SystemCapabilities = {
							com.apple.Push = {
								enabled = 1;
							};
						};
					};
				};
			};
			buildConfigurationList = BD7B68FC22395F2100C0DE35 /* Build configuration list for PBXProject "ATKearneyApp" */;
			compatibilityVersion = "Xcode 9.3";
			developmentRegion = en;
			hasScannedForEncodings = 0;
			knownRegions = (
				en,
				Base,
			);
			mainGroup = BD7B68F822395F2100C0DE35;
			productRefGroup = BD7B690222395F2100C0DE35 /* Products */;
			projectDirPath = "";
			projectRoot = "";
			targets = (
				BD7B690022395F2100C0DE35 /* ATKearneyApp */,
			);
		};
/* End PBXProject section */

/* Begin PBXResourcesBuildPhase section */
		BD7B68FF22395F2100C0DE35 /* Resources */ = {
			isa = PBXResourcesBuildPhase;
			buildActionMask = 2147483647;
			files = (
				BD82FF5022399E5D008F6304 /* checkOFF.png in Resources */,
				BDF901752243E72400F83E55 /* 29_x3.png in Resources */,
				BDF9017D2243E72400F83E55 /* 76_x2.png in Resources */,
				BDF901782243E72400F83E55 /* 29_x2.png in Resources */,
				BDF901802243E72400F83E55 /* 20_x1.png in Resources */,
				BDF901812243E72400F83E55 /* 83.5_x2.png in Resources */,
				BD3BABCA2239A8CD004521F4 /* UserCell.xib in Resources */,
				BDF9017B2243E72400F83E55 /* 60_x3.png in Resources */,
				BD82B7B52239903D003825D8 /* UserSelectableCell.xib in Resources */,
				BDF901842243E79E00F83E55 /* 20_x3.png in Resources */,
				BDF9017F2243E72400F83E55 /* 60_x2.png in Resources */,
				BDDBA3BE223AC306005E96FF /* plusRedButton.png in Resources */,
				BD82B7A5223986C4003825D8 /* closeButton.png in Resources */,
				BDC64ADA224ABCAF000E1831 /* SurveyCell.xib in Resources */,
				BD82B7AF22398B9F003825D8 /* backButton.png in Resources */,
				BD7B690F22395F2200C0DE35 /* LaunchScreen.storyboard in Resources */,
				BD0C6D7422492A6A0096ECF8 /* GoogleService-Info.plist in Resources */,
				BD7B690C22395F2200C0DE35 /* Assets.xcassets in Resources */,
				BD4DC9BF223C4F9100E14F2F /* notes.txt in Resources */,
				BD82B79F223969F6003825D8 /* V2 GoogleService-Info.plist in Resources */,
				BD82FF4F22399E5D008F6304 /* checkON.png in Resources */,
				BDF901762243E72400F83E55 /* 40_x1.png in Resources */,
				BDF901822243E72400F83E55 /* 1024_x1.png in Resources */,
				BDF9017A2243E72400F83E55 /* 76_x1.png in Resources */,
				BDF9017C2243E72400F83E55 /* 40_x3.png in Resources */,
				BD7B690A22395F2100C0DE35 /* Main.storyboard in Resources */,
				BDF9017E2243E72400F83E55 /* 29_x1.png in Resources */,
				BD82B7A922398716003825D8 /* profileButton.png in Resources */,
				BDF901792243E72400F83E55 /* 40_x2.png in Resources */,
				BDC2D185223AB9E000B0D527 /* ProjectCell.xib in Resources */,
				BD886992224568F400468D4E /* whiteLogo.png in Resources */,
				BD8C69892242A63D00A25ED4 /* profileIcon.png in Resources */,
			);
			runOnlyForDeploymentPostprocessing = 0;
		};
/* End PBXResourcesBuildPhase section */

/* Begin PBXShellScriptBuildPhase section */
		1CF06FE292D13D68C0462993 /* [CP] Embed Pods Frameworks */ = {
			isa = PBXShellScriptBuildPhase;
			buildActionMask = 2147483647;
			files = (
			);
			inputFileListPaths = (
			);
			inputPaths = (
				"${SRCROOT}/Pods/Target Support Files/Pods-ATKearneyApp/Pods-ATKearneyApp-frameworks.sh",
				"${BUILT_PRODUCTS_DIR}/CropViewController/CropViewController.framework",
				"${BUILT_PRODUCTS_DIR}/GTMSessionFetcher/GTMSessionFetcher.framework",
				"${BUILT_PRODUCTS_DIR}/GoogleUtilities/GoogleUtilities.framework",
				"${BUILT_PRODUCTS_DIR}/Protobuf/Protobuf.framework",
				"${BUILT_PRODUCTS_DIR}/leveldb-library/leveldb.framework",
				"${BUILT_PRODUCTS_DIR}/nanopb/nanopb.framework",
			);
			name = "[CP] Embed Pods Frameworks";
			outputFileListPaths = (
			);
			outputPaths = (
				"${TARGET_BUILD_DIR}/${FRAMEWORKS_FOLDER_PATH}/CropViewController.framework",
				"${TARGET_BUILD_DIR}/${FRAMEWORKS_FOLDER_PATH}/GTMSessionFetcher.framework",
				"${TARGET_BUILD_DIR}/${FRAMEWORKS_FOLDER_PATH}/GoogleUtilities.framework",
				"${TARGET_BUILD_DIR}/${FRAMEWORKS_FOLDER_PATH}/Protobuf.framework",
				"${TARGET_BUILD_DIR}/${FRAMEWORKS_FOLDER_PATH}/leveldb.framework",
				"${TARGET_BUILD_DIR}/${FRAMEWORKS_FOLDER_PATH}/nanopb.framework",
			);
			runOnlyForDeploymentPostprocessing = 0;
			shellPath = /bin/sh;
			shellScript = "\"${SRCROOT}/Pods/Target Support Files/Pods-ATKearneyApp/Pods-ATKearneyApp-frameworks.sh\"\n";
			showEnvVarsInLog = 0;
		};
		5D6AE42F668566EF83FC944C /* [CP] Check Pods Manifest.lock */ = {
			isa = PBXShellScriptBuildPhase;
			buildActionMask = 2147483647;
			files = (
			);
			inputFileListPaths = (
			);
			inputPaths = (
				"${PODS_PODFILE_DIR_PATH}/Podfile.lock",
				"${PODS_ROOT}/Manifest.lock",
			);
			name = "[CP] Check Pods Manifest.lock";
			outputFileListPaths = (
			);
			outputPaths = (
				"$(DERIVED_FILE_DIR)/Pods-ATKearneyApp-checkManifestLockResult.txt",
			);
			runOnlyForDeploymentPostprocessing = 0;
			shellPath = /bin/sh;
			shellScript = "diff \"${PODS_PODFILE_DIR_PATH}/Podfile.lock\" \"${PODS_ROOT}/Manifest.lock\" > /dev/null\nif [ $? != 0 ] ; then\n    # print error to STDERR\n    echo \"error: The sandbox is not in sync with the Podfile.lock. Run 'pod install' or update your CocoaPods installation.\" >&2\n    exit 1\nfi\n# This output is used by Xcode 'outputs' to avoid re-running this script phase.\necho \"SUCCESS\" > \"${SCRIPT_OUTPUT_FILE_0}\"\n";
			showEnvVarsInLog = 0;
		};
/* End PBXShellScriptBuildPhase section */

/* Begin PBXSourcesBuildPhase section */
		BD7B68FD22395F2100C0DE35 /* Sources */ = {
			isa = PBXSourcesBuildPhase;
			buildActionMask = 2147483647;
			files = (
				BDDBA3C0223AC43E005E96FF /* ProjectDetailsViewController.swift in Sources */,
				BD4DC9BB223C27C400E14F2F /* ResetPassViewController.swift in Sources */,
				BD4DC9BD223C476500E14F2F /* SelectedUser.swift in Sources */,
				BD85F36F2252A6BA004430D4 /* Device.swift in Sources */,
				BD82B7A322397E1B003825D8 /* LoginViewController.swift in Sources */,
				BDDBA3C2223AF9D3005E96FF /* UserDetailsViewController.swift in Sources */,
				BD8C698D2242EFEE00A25ED4 /* UIImageViewExtension.swift in Sources */,
				BD8C698B2242A86900A25ED4 /* UIButtonExtension.swift in Sources */,
				BD0E2FA222413C7D00BB7E57 /* CustomNavigationController.swift in Sources */,
				BDF7D45222406FD300D276CE /* Project.swift in Sources */,
				BDC64AD5224A8B22000E1831 /* SurveyUsersViewController.swift in Sources */,
				BD82B7B42239903D003825D8 /* UserSelectableCell.swift in Sources */,
				BD0E2FA8224151DA00BB7E57 /* Texts.swift in Sources */,
				BD82B7A122396D9B003825D8 /* MyUser.swift in Sources */,
				BD82B79D223966CC003825D8 /* FirebaseManager.swift in Sources */,
				BDF7D4502240600600D276CE /* User.swift in Sources */,
				BD4DC9B9223C21AE00E14F2F /* RegisterViewController.swift in Sources */,
				BD0C6D762249445C0096ECF8 /* NewSurveyViewController.swift in Sources */,
				BD82B7AB223987B5003825D8 /* NewProjectViewController.swift in Sources */,
				BD818FB922495D2600D47B4A /* Survey.swift in Sources */,
				BD82B797223964AF003825D8 /* ProjectsViewController.swift in Sources */,
				BD0E2FA62241429C00BB7E57 /* Reachability.swift in Sources */,
				BD82B7AD22398A75003825D8 /* UsersViewController.swift in Sources */,
				BDC2D184223AB9E000B0D527 /* ProjectCell.swift in Sources */,
				BDAAAEC22249D2B100F21229 /* Values.swift in Sources */,
				BD818FB722495D0E00D47B4A /* SelectedSurvey.swift in Sources */,
				BD0E2F9F22412AC500BB7E57 /* Functions.swift in Sources */,
				BD428566224021B500E7D5EA /* EditPasswordViewController.swift in Sources */,
				BD7B690522395F2100C0DE35 /* AppDelegate.swift in Sources */,
				BD82FF4C22399984008F6304 /* SelectedProject.swift in Sources */,
				BD018F09224D022D00EEDB22 /* SurveyResultsViewController.swift in Sources */,
				BD4285642240177700E7D5EA /* EditUserViewController.swift in Sources */,
				BD3BABC92239A8CD004521F4 /* UserCell.swift in Sources */,
				BD82B795223964A5003825D8 /* BaseViewController.swift in Sources */,
				BD8ED511224B99E5009059E9 /* AnwserSurveyViewController.swift in Sources */,
				BDC64AD9224ABCAF000E1831 /* SurveyCell.swift in Sources */,
			);
			runOnlyForDeploymentPostprocessing = 0;
		};
/* End PBXSourcesBuildPhase section */

/* Begin PBXVariantGroup section */
		BD7B690822395F2100C0DE35 /* Main.storyboard */ = {
			isa = PBXVariantGroup;
			children = (
				BD7B690922395F2100C0DE35 /* Base */,
			);
			name = Main.storyboard;
			sourceTree = "<group>";
		};
		BD7B690D22395F2200C0DE35 /* LaunchScreen.storyboard */ = {
			isa = PBXVariantGroup;
			children = (
				BD7B690E22395F2200C0DE35 /* Base */,
			);
			name = LaunchScreen.storyboard;
			sourceTree = "<group>";
		};
/* End PBXVariantGroup section */

/* Begin XCBuildConfiguration section */
		BD7B691122395F2200C0DE35 /* Debug */ = {
			isa = XCBuildConfiguration;
			buildSettings = {
				ALWAYS_SEARCH_USER_PATHS = NO;
				CLANG_ANALYZER_NONNULL = YES;
				CLANG_ANALYZER_NUMBER_OBJECT_CONVERSION = YES_AGGRESSIVE;
				CLANG_CXX_LANGUAGE_STANDARD = "gnu++14";
				CLANG_CXX_LIBRARY = "libc++";
				CLANG_ENABLE_MODULES = YES;
				CLANG_ENABLE_OBJC_ARC = YES;
				CLANG_ENABLE_OBJC_WEAK = YES;
				CLANG_WARN_BLOCK_CAPTURE_AUTORELEASING = YES;
				CLANG_WARN_BOOL_CONVERSION = YES;
				CLANG_WARN_COMMA = YES;
				CLANG_WARN_CONSTANT_CONVERSION = YES;
				CLANG_WARN_DEPRECATED_OBJC_IMPLEMENTATIONS = YES;
				CLANG_WARN_DIRECT_OBJC_ISA_USAGE = YES_ERROR;
				CLANG_WARN_DOCUMENTATION_COMMENTS = YES;
				CLANG_WARN_EMPTY_BODY = YES;
				CLANG_WARN_ENUM_CONVERSION = YES;
				CLANG_WARN_INFINITE_RECURSION = YES;
				CLANG_WARN_INT_CONVERSION = YES;
				CLANG_WARN_NON_LITERAL_NULL_CONVERSION = YES;
				CLANG_WARN_OBJC_IMPLICIT_RETAIN_SELF = YES;
				CLANG_WARN_OBJC_LITERAL_CONVERSION = YES;
				CLANG_WARN_OBJC_ROOT_CLASS = YES_ERROR;
				CLANG_WARN_RANGE_LOOP_ANALYSIS = YES;
				CLANG_WARN_STRICT_PROTOTYPES = YES;
				CLANG_WARN_SUSPICIOUS_MOVE = YES;
				CLANG_WARN_UNGUARDED_AVAILABILITY = YES_AGGRESSIVE;
				CLANG_WARN_UNREACHABLE_CODE = YES;
				CLANG_WARN__DUPLICATE_METHOD_MATCH = YES;
				CODE_SIGN_IDENTITY = "iPhone Developer";
				COPY_PHASE_STRIP = NO;
				DEBUG_INFORMATION_FORMAT = dwarf;
				ENABLE_STRICT_OBJC_MSGSEND = YES;
				ENABLE_TESTABILITY = YES;
				GCC_C_LANGUAGE_STANDARD = gnu11;
				GCC_DYNAMIC_NO_PIC = NO;
				GCC_NO_COMMON_BLOCKS = YES;
				GCC_OPTIMIZATION_LEVEL = 0;
				GCC_PREPROCESSOR_DEFINITIONS = (
					"DEBUG=1",
					"$(inherited)",
				);
				GCC_WARN_64_TO_32_BIT_CONVERSION = YES;
				GCC_WARN_ABOUT_RETURN_TYPE = YES_ERROR;
				GCC_WARN_UNDECLARED_SELECTOR = YES;
				GCC_WARN_UNINITIALIZED_AUTOS = YES_AGGRESSIVE;
				GCC_WARN_UNUSED_FUNCTION = YES;
				GCC_WARN_UNUSED_VARIABLE = YES;
				IPHONEOS_DEPLOYMENT_TARGET = 12.1;
				MTL_ENABLE_DEBUG_INFO = INCLUDE_SOURCE;
				MTL_FAST_MATH = YES;
				ONLY_ACTIVE_ARCH = YES;
				SDKROOT = iphoneos;
				SWIFT_ACTIVE_COMPILATION_CONDITIONS = DEBUG;
				SWIFT_OPTIMIZATION_LEVEL = "-Onone";
			};
			name = Debug;
		};
		BD7B691222395F2200C0DE35 /* Release */ = {
			isa = XCBuildConfiguration;
			buildSettings = {
				ALWAYS_SEARCH_USER_PATHS = NO;
				CLANG_ANALYZER_NONNULL = YES;
				CLANG_ANALYZER_NUMBER_OBJECT_CONVERSION = YES_AGGRESSIVE;
				CLANG_CXX_LANGUAGE_STANDARD = "gnu++14";
				CLANG_CXX_LIBRARY = "libc++";
				CLANG_ENABLE_MODULES = YES;
				CLANG_ENABLE_OBJC_ARC = YES;
				CLANG_ENABLE_OBJC_WEAK = YES;
				CLANG_WARN_BLOCK_CAPTURE_AUTORELEASING = YES;
				CLANG_WARN_BOOL_CONVERSION = YES;
				CLANG_WARN_COMMA = YES;
				CLANG_WARN_CONSTANT_CONVERSION = YES;
				CLANG_WARN_DEPRECATED_OBJC_IMPLEMENTATIONS = YES;
				CLANG_WARN_DIRECT_OBJC_ISA_USAGE = YES_ERROR;
				CLANG_WARN_DOCUMENTATION_COMMENTS = YES;
				CLANG_WARN_EMPTY_BODY = YES;
				CLANG_WARN_ENUM_CONVERSION = YES;
				CLANG_WARN_INFINITE_RECURSION = YES;
				CLANG_WARN_INT_CONVERSION = YES;
				CLANG_WARN_NON_LITERAL_NULL_CONVERSION = YES;
				CLANG_WARN_OBJC_IMPLICIT_RETAIN_SELF = YES;
				CLANG_WARN_OBJC_LITERAL_CONVERSION = YES;
				CLANG_WARN_OBJC_ROOT_CLASS = YES_ERROR;
				CLANG_WARN_RANGE_LOOP_ANALYSIS = YES;
				CLANG_WARN_STRICT_PROTOTYPES = YES;
				CLANG_WARN_SUSPICIOUS_MOVE = YES;
				CLANG_WARN_UNGUARDED_AVAILABILITY = YES_AGGRESSIVE;
				CLANG_WARN_UNREACHABLE_CODE = YES;
				CLANG_WARN__DUPLICATE_METHOD_MATCH = YES;
				CODE_SIGN_IDENTITY = "iPhone Developer";
				COPY_PHASE_STRIP = NO;
				DEBUG_INFORMATION_FORMAT = "dwarf-with-dsym";
				ENABLE_NS_ASSERTIONS = NO;
				ENABLE_STRICT_OBJC_MSGSEND = YES;
				GCC_C_LANGUAGE_STANDARD = gnu11;
				GCC_NO_COMMON_BLOCKS = YES;
				GCC_WARN_64_TO_32_BIT_CONVERSION = YES;
				GCC_WARN_ABOUT_RETURN_TYPE = YES_ERROR;
				GCC_WARN_UNDECLARED_SELECTOR = YES;
				GCC_WARN_UNINITIALIZED_AUTOS = YES_AGGRESSIVE;
				GCC_WARN_UNUSED_FUNCTION = YES;
				GCC_WARN_UNUSED_VARIABLE = YES;
				IPHONEOS_DEPLOYMENT_TARGET = 12.1;
				MTL_ENABLE_DEBUG_INFO = NO;
				MTL_FAST_MATH = YES;
				SDKROOT = iphoneos;
				SWIFT_COMPILATION_MODE = wholemodule;
				SWIFT_OPTIMIZATION_LEVEL = "-O";
				VALIDATE_PRODUCT = YES;
			};
			name = Release;
		};
		BD7B691422395F2200C0DE35 /* Debug */ = {
			isa = XCBuildConfiguration;
			baseConfigurationReference = C6D672A18292CFB9EFD13DB9 /* Pods-ATKearneyApp.debug.xcconfig */;
			buildSettings = {
				ASSETCATALOG_COMPILER_APPICON_NAME = AppIcon;
				CODE_SIGN_ENTITLEMENTS = ATKearneyApp/ATKearneyApp.entitlements;
				CODE_SIGN_STYLE = Manual;
				DEVELOPMENT_TEAM = SW8S5Y74E8;
				INFOPLIST_FILE = ATKearneyApp/App/Info.plist;
				IPHONEOS_DEPLOYMENT_TARGET = 11.4;
				LD_RUNPATH_SEARCH_PATHS = (
					"$(inherited)",
					"@executable_path/Frameworks",
				);
				PRODUCT_BUNDLE_IDENTIFIER = com.gatoLab.ATKearneyPMO;
				PRODUCT_NAME = "$(TARGET_NAME)";
				PROVISIONING_PROFILE_SPECIFIER = "ATKearneyPMO DEV 01 April";
				SWIFT_VERSION = 4.2;
				TARGETED_DEVICE_FAMILY = "1,2";
			};
			name = Debug;
		};
		BD7B691522395F2200C0DE35 /* Release */ = {
			isa = XCBuildConfiguration;
			baseConfigurationReference = D99FF67ABA930557895509B0 /* Pods-ATKearneyApp.release.xcconfig */;
			buildSettings = {
				ASSETCATALOG_COMPILER_APPICON_NAME = AppIcon;
				CODE_SIGN_ENTITLEMENTS = ATKearneyApp/ATKearneyApp.entitlements;
				CODE_SIGN_IDENTITY = "iPhone Distribution";
				CODE_SIGN_STYLE = Manual;
				DEVELOPMENT_TEAM = SW8S5Y74E8;
				INFOPLIST_FILE = ATKearneyApp/App/Info.plist;
				IPHONEOS_DEPLOYMENT_TARGET = 11.4;
				LD_RUNPATH_SEARCH_PATHS = (
					"$(inherited)",
					"@executable_path/Frameworks",
				);
				PRODUCT_BUNDLE_IDENTIFIER = com.gatoLab.ATKearneyPMO;
				PRODUCT_NAME = "$(TARGET_NAME)";
				PROVISIONING_PROFILE_SPECIFIER = "ATKearneyPMO AppStore";
				SWIFT_VERSION = 4.2;
				TARGETED_DEVICE_FAMILY = "1,2";
			};
			name = Release;
		};
/* End XCBuildConfiguration section */

/* Begin XCConfigurationList section */
		BD7B68FC22395F2100C0DE35 /* Build configuration list for PBXProject "ATKearneyApp" */ = {
			isa = XCConfigurationList;
			buildConfigurations = (
				BD7B691122395F2200C0DE35 /* Debug */,
				BD7B691222395F2200C0DE35 /* Release */,
			);
			defaultConfigurationIsVisible = 0;
			defaultConfigurationName = Release;
		};
		BD7B691322395F2200C0DE35 /* Build configuration list for PBXNativeTarget "ATKearneyApp" */ = {
			isa = XCConfigurationList;
			buildConfigurations = (
				BD7B691422395F2200C0DE35 /* Debug */,
				BD7B691522395F2200C0DE35 /* Release */,
			);
			defaultConfigurationIsVisible = 0;
			defaultConfigurationName = Release;
		};
/* End XCConfigurationList section */
	};
	rootObject = BD7B68F922395F2100C0DE35 /* Project object */;
}
