// !$*UTF8*$!
{
	archiveVersion = 1;
	classes = {
	};
	objectVersion = 50;
	objects = {

/* Begin PBXBuildFile section */
		5E4F9B31F6CFE80036C94903 /* Pods_ATKearneyApp.framework in Frameworks */ = {isa = PBXBuildFile; fileRef = A43309481B9FA4BFDA12D4FC /* Pods_ATKearneyApp.framework */; };
		BD3BABC92239A8CD004521F4 /* UserCell.swift in Sources */ = {isa = PBXBuildFile; fileRef = BD3BABC72239A8CD004521F4 /* UserCell.swift */; };
		BD3BABCA2239A8CD004521F4 /* UserCell.xib in Resources */ = {isa = PBXBuildFile; fileRef = BD3BABC82239A8CD004521F4 /* UserCell.xib */; };
		BD7B690522395F2100C0DE35 /* AppDelegate.swift in Sources */ = {isa = PBXBuildFile; fileRef = BD7B690422395F2100C0DE35 /* AppDelegate.swift */; };
		BD7B690A22395F2100C0DE35 /* Main.storyboard in Resources */ = {isa = PBXBuildFile; fileRef = BD7B690822395F2100C0DE35 /* Main.storyboard */; };
		BD7B690C22395F2200C0DE35 /* Assets.xcassets in Resources */ = {isa = PBXBuildFile; fileRef = BD7B690B22395F2200C0DE35 /* Assets.xcassets */; };
		BD7B690F22395F2200C0DE35 /* LaunchScreen.storyboard in Resources */ = {isa = PBXBuildFile; fileRef = BD7B690D22395F2200C0DE35 /* LaunchScreen.storyboard */; };
		BD82B795223964A5003825D8 /* BaseViewController.swift in Sources */ = {isa = PBXBuildFile; fileRef = BD82B794223964A5003825D8 /* BaseViewController.swift */; };
		BD82B797223964AF003825D8 /* ProjectsViewController.swift in Sources */ = {isa = PBXBuildFile; fileRef = BD82B796223964AF003825D8 /* ProjectsViewController.swift */; };
		BD82B79D223966CC003825D8 /* FirebaseManager.swift in Sources */ = {isa = PBXBuildFile; fileRef = BD82B79C223966CC003825D8 /* FirebaseManager.swift */; };
		BD82B79F223969F6003825D8 /* GoogleService-Info.plist in Resources */ = {isa = PBXBuildFile; fileRef = BD82B79E223969F6003825D8 /* GoogleService-Info.plist */; };
		BD82B7A122396D9B003825D8 /* CurrentUser.swift in Sources */ = {isa = PBXBuildFile; fileRef = BD82B7A022396D9B003825D8 /* CurrentUser.swift */; };
		BD82B7A322397E1B003825D8 /* LoginViewController.swift in Sources */ = {isa = PBXBuildFile; fileRef = BD82B7A222397E1B003825D8 /* LoginViewController.swift */; };
		BD82B7A5223986C4003825D8 /* closeButton.png in Resources */ = {isa = PBXBuildFile; fileRef = BD82B7A4223986C4003825D8 /* closeButton.png */; };
		BD82B7A922398716003825D8 /* profileButton.png in Resources */ = {isa = PBXBuildFile; fileRef = BD82B7A822398715003825D8 /* profileButton.png */; };
		BD82B7AB223987B5003825D8 /* NewProjectViewController.swift in Sources */ = {isa = PBXBuildFile; fileRef = BD82B7AA223987B5003825D8 /* NewProjectViewController.swift */; };
		BD82B7AD22398A75003825D8 /* UsersViewController.swift in Sources */ = {isa = PBXBuildFile; fileRef = BD82B7AC22398A75003825D8 /* UsersViewController.swift */; };
		BD82B7AF22398B9F003825D8 /* backButton.png in Resources */ = {isa = PBXBuildFile; fileRef = BD82B7AE22398B9F003825D8 /* backButton.png */; };
		BD82B7B42239903D003825D8 /* UserSelectableCell.swift in Sources */ = {isa = PBXBuildFile; fileRef = BD82B7B22239903D003825D8 /* UserSelectableCell.swift */; };
		BD82B7B52239903D003825D8 /* UserSelectableCell.xib in Resources */ = {isa = PBXBuildFile; fileRef = BD82B7B32239903D003825D8 /* UserSelectableCell.xib */; };
		BD82FF4C22399984008F6304 /* CurrentSelection.swift in Sources */ = {isa = PBXBuildFile; fileRef = BD82FF4B22399984008F6304 /* CurrentSelection.swift */; };
		BD82FF4F22399E5D008F6304 /* checkON.png in Resources */ = {isa = PBXBuildFile; fileRef = BD82FF4D22399E5D008F6304 /* checkON.png */; };
		BD82FF5022399E5D008F6304 /* checkOFF.png in Resources */ = {isa = PBXBuildFile; fileRef = BD82FF4E22399E5D008F6304 /* checkOFF.png */; };
/* End PBXBuildFile section */

/* Begin PBXFileReference section */
		A43309481B9FA4BFDA12D4FC /* Pods_ATKearneyApp.framework */ = {isa = PBXFileReference; explicitFileType = wrapper.framework; includeInIndex = 0; path = Pods_ATKearneyApp.framework; sourceTree = BUILT_PRODUCTS_DIR; };
		BD3BABC72239A8CD004521F4 /* UserCell.swift */ = {isa = PBXFileReference; lastKnownFileType = sourcecode.swift; path = UserCell.swift; sourceTree = "<group>"; };
		BD3BABC82239A8CD004521F4 /* UserCell.xib */ = {isa = PBXFileReference; lastKnownFileType = file.xib; path = UserCell.xib; sourceTree = "<group>"; };
		BD7B690122395F2100C0DE35 /* ATKearneyApp.app */ = {isa = PBXFileReference; explicitFileType = wrapper.application; includeInIndex = 0; path = ATKearneyApp.app; sourceTree = BUILT_PRODUCTS_DIR; };
		BD7B690422395F2100C0DE35 /* AppDelegate.swift */ = {isa = PBXFileReference; lastKnownFileType = sourcecode.swift; path = AppDelegate.swift; sourceTree = "<group>"; };
		BD7B690922395F2100C0DE35 /* Base */ = {isa = PBXFileReference; lastKnownFileType = file.storyboard; name = Base; path = Base.lproj/Main.storyboard; sourceTree = "<group>"; };
		BD7B690B22395F2200C0DE35 /* Assets.xcassets */ = {isa = PBXFileReference; lastKnownFileType = folder.assetcatalog; path = Assets.xcassets; sourceTree = "<group>"; };
		BD7B690E22395F2200C0DE35 /* Base */ = {isa = PBXFileReference; lastKnownFileType = file.storyboard; name = Base; path = Base.lproj/LaunchScreen.storyboard; sourceTree = "<group>"; };
		BD7B691022395F2200C0DE35 /* Info.plist */ = {isa = PBXFileReference; lastKnownFileType = text.plist.xml; path = Info.plist; sourceTree = "<group>"; };
		BD82B794223964A5003825D8 /* BaseViewController.swift */ = {isa = PBXFileReference; lastKnownFileType = sourcecode.swift; path = BaseViewController.swift; sourceTree = "<group>"; };
		BD82B796223964AF003825D8 /* ProjectsViewController.swift */ = {isa = PBXFileReference; lastKnownFileType = sourcecode.swift; path = ProjectsViewController.swift; sourceTree = "<group>"; };
		BD82B79C223966CC003825D8 /* FirebaseManager.swift */ = {isa = PBXFileReference; lastKnownFileType = sourcecode.swift; path = FirebaseManager.swift; sourceTree = "<group>"; };
		BD82B79E223969F6003825D8 /* GoogleService-Info.plist */ = {isa = PBXFileReference; fileEncoding = 4; lastKnownFileType = text.plist.xml; path = "GoogleService-Info.plist"; sourceTree = "<group>"; };
		BD82B7A022396D9B003825D8 /* CurrentUser.swift */ = {isa = PBXFileReference; lastKnownFileType = sourcecode.swift; path = CurrentUser.swift; sourceTree = "<group>"; };
		BD82B7A222397E1B003825D8 /* LoginViewController.swift */ = {isa = PBXFileReference; lastKnownFileType = sourcecode.swift; path = LoginViewController.swift; sourceTree = "<group>"; };
		BD82B7A4223986C4003825D8 /* closeButton.png */ = {isa = PBXFileReference; lastKnownFileType = image.png; path = closeButton.png; sourceTree = "<group>"; };
		BD82B7A822398715003825D8 /* profileButton.png */ = {isa = PBXFileReference; lastKnownFileType = image.png; path = profileButton.png; sourceTree = "<group>"; };
		BD82B7AA223987B5003825D8 /* NewProjectViewController.swift */ = {isa = PBXFileReference; lastKnownFileType = sourcecode.swift; path = NewProjectViewController.swift; sourceTree = "<group>"; };
		BD82B7AC22398A75003825D8 /* UsersViewController.swift */ = {isa = PBXFileReference; lastKnownFileType = sourcecode.swift; path = UsersViewController.swift; sourceTree = "<group>"; };
		BD82B7AE22398B9F003825D8 /* backButton.png */ = {isa = PBXFileReference; lastKnownFileType = image.png; path = backButton.png; sourceTree = "<group>"; };
		BD82B7B22239903D003825D8 /* UserSelectableCell.swift */ = {isa = PBXFileReference; lastKnownFileType = sourcecode.swift; path = UserSelectableCell.swift; sourceTree = "<group>"; };
		BD82B7B32239903D003825D8 /* UserSelectableCell.xib */ = {isa = PBXFileReference; lastKnownFileType = file.xib; path = UserSelectableCell.xib; sourceTree = "<group>"; };
		BD82FF4B22399984008F6304 /* CurrentSelection.swift */ = {isa = PBXFileReference; lastKnownFileType = sourcecode.swift; path = CurrentSelection.swift; sourceTree = "<group>"; };
		BD82FF4D22399E5D008F6304 /* checkON.png */ = {isa = PBXFileReference; lastKnownFileType = image.png; path = checkON.png; sourceTree = "<group>"; };
		BD82FF4E22399E5D008F6304 /* checkOFF.png */ = {isa = PBXFileReference; lastKnownFileType = image.png; path = checkOFF.png; sourceTree = "<group>"; };
		C6D672A18292CFB9EFD13DB9 /* Pods-ATKearneyApp.debug.xcconfig */ = {isa = PBXFileReference; includeInIndex = 1; lastKnownFileType = text.xcconfig; name = "Pods-ATKearneyApp.debug.xcconfig"; path = "Pods/Target Support Files/Pods-ATKearneyApp/Pods-ATKearneyApp.debug.xcconfig"; sourceTree = "<group>"; };
		D99FF67ABA930557895509B0 /* Pods-ATKearneyApp.release.xcconfig */ = {isa = PBXFileReference; includeInIndex = 1; lastKnownFileType = text.xcconfig; name = "Pods-ATKearneyApp.release.xcconfig"; path = "Pods/Target Support Files/Pods-ATKearneyApp/Pods-ATKearneyApp.release.xcconfig"; sourceTree = "<group>"; };
/* End PBXFileReference section */

/* Begin PBXFrameworksBuildPhase section */
		BD7B68FE22395F2100C0DE35 /* Frameworks */ = {
			isa = PBXFrameworksBuildPhase;
			buildActionMask = 2147483647;
			files = (
				5E4F9B31F6CFE80036C94903 /* Pods_ATKearneyApp.framework in Frameworks */,
			);
			runOnlyForDeploymentPostprocessing = 0;
		};
/* End PBXFrameworksBuildPhase section */

/* Begin PBXGroup section */
		167FEE45308838AD344C684B /* Pods */ = {
			isa = PBXGroup;
			children = (
				C6D672A18292CFB9EFD13DB9 /* Pods-ATKearneyApp.debug.xcconfig */,
				D99FF67ABA930557895509B0 /* Pods-ATKearneyApp.release.xcconfig */,
			);
			name = Pods;
			sourceTree = "<group>";
		};
		BD3BABC42239A8A0004521F4 /* UserCell */ = {
			isa = PBXGroup;
			children = (
				BD3BABC72239A8CD004521F4 /* UserCell.swift */,
				BD3BABC82239A8CD004521F4 /* UserCell.xib */,
			);
			path = UserCell;
			sourceTree = "<group>";
		};
		BD7B68F822395F2100C0DE35 = {
			isa = PBXGroup;
			children = (
				BD7B690322395F2100C0DE35 /* ATKearneyApp */,
				BD7B690222395F2100C0DE35 /* Products */,
				167FEE45308838AD344C684B /* Pods */,
				ED56C1DE91837A34DED2AC26 /* Frameworks */,
			);
			sourceTree = "<group>";
		};
		BD7B690222395F2100C0DE35 /* Products */ = {
			isa = PBXGroup;
			children = (
				BD7B690122395F2100C0DE35 /* ATKearneyApp.app */,
			);
			name = Products;
			sourceTree = "<group>";
		};
		BD7B690322395F2100C0DE35 /* ATKearneyApp */ = {
			isa = PBXGroup;
			children = (
				BD82B7A022396D9B003825D8 /* CurrentUser.swift */,
				BD82FF4B22399984008F6304 /* CurrentSelection.swift */,
				BD82B792223961F0003825D8 /* App */,
				BD82B78F223961C5003825D8 /* Firebase */,
				BD82B7932239648E003825D8 /* ViewControllers */,
				BD82B7B62239917E003825D8 /* Cells */,
				BD82B798223964F7003825D8 /* Resources */,
			);
			path = ATKearneyApp;
			sourceTree = "<group>";
		};
		BD82B78F223961C5003825D8 /* Firebase */ = {
			isa = PBXGroup;
			children = (
				BD82B79C223966CC003825D8 /* FirebaseManager.swift */,
				BD82B79E223969F6003825D8 /* GoogleService-Info.plist */,
			);
			path = Firebase;
			sourceTree = "<group>";
		};
		BD82B792223961F0003825D8 /* App */ = {
			isa = PBXGroup;
			children = (
				BD7B690422395F2100C0DE35 /* AppDelegate.swift */,
				BD7B691022395F2200C0DE35 /* Info.plist */,
			);
			path = App;
			sourceTree = "<group>";
		};
		BD82B7932239648E003825D8 /* ViewControllers */ = {
			isa = PBXGroup;
			children = (
				BD82B794223964A5003825D8 /* BaseViewController.swift */,
				BD82B7A222397E1B003825D8 /* LoginViewController.swift */,
				BD82B796223964AF003825D8 /* ProjectsViewController.swift */,
				BD82B7AA223987B5003825D8 /* NewProjectViewController.swift */,
				BD82B7AC22398A75003825D8 /* UsersViewController.swift */,
			);
			path = ViewControllers;
			sourceTree = "<group>";
		};
		BD82B798223964F7003825D8 /* Resources */ = {
			isa = PBXGroup;
			children = (
				BD7B690822395F2100C0DE35 /* Main.storyboard */,
				BD82B79922396511003825D8 /* Files */,
			);
			path = Resources;
			sourceTree = "<group>";
		};
		BD82B79922396511003825D8 /* Files */ = {
			isa = PBXGroup;
			children = (
				BD82B7A822398715003825D8 /* profileButton.png */,
				BD82B7A4223986C4003825D8 /* closeButton.png */,
				BD82B7AE22398B9F003825D8 /* backButton.png */,
				BD82FF4E22399E5D008F6304 /* checkOFF.png */,
				BD82FF4D22399E5D008F6304 /* checkON.png */,
				BD7B690B22395F2200C0DE35 /* Assets.xcassets */,
				BD7B690D22395F2200C0DE35 /* LaunchScreen.storyboard */,
			);
			path = Files;
			sourceTree = "<group>";
		};
		BD82B7B62239917E003825D8 /* Cells */ = {
			isa = PBXGroup;
			children = (
				BD82FF512239A832008F6304 /* UserSelectableCell */,
				BD3BABC42239A8A0004521F4 /* UserCell */,
			);
			path = Cells;
			sourceTree = "<group>";
		};
		BD82FF512239A832008F6304 /* UserSelectableCell */ = {
			isa = PBXGroup;
			children = (
				BD82B7B22239903D003825D8 /* UserSelectableCell.swift */,
				BD82B7B32239903D003825D8 /* UserSelectableCell.xib */,
			);
			path = UserSelectableCell;
			sourceTree = "<group>";
		};
		ED56C1DE91837A34DED2AC26 /* Frameworks */ = {
			isa = PBXGroup;
			children = (
				A43309481B9FA4BFDA12D4FC /* Pods_ATKearneyApp.framework */,
			);
			name = Frameworks;
			sourceTree = "<group>";
		};
/* End PBXGroup section */

/* Begin PBXNativeTarget section */
		BD7B690022395F2100C0DE35 /* ATKearneyApp */ = {
			isa = PBXNativeTarget;
			buildConfigurationList = BD7B691322395F2200C0DE35 /* Build configuration list for PBXNativeTarget "ATKearneyApp" */;
			buildPhases = (
				5D6AE42F668566EF83FC944C /* [CP] Check Pods Manifest.lock */,
				BD7B68FD22395F2100C0DE35 /* Sources */,
				BD7B68FE22395F2100C0DE35 /* Frameworks */,
				BD7B68FF22395F2100C0DE35 /* Resources */,
				1CF06FE292D13D68C0462993 /* [CP] Embed Pods Frameworks */,
			);
			buildRules = (
			);
			dependencies = (
			);
			name = ATKearneyApp;
			productName = ATKearneyApp;
			productReference = BD7B690122395F2100C0DE35 /* ATKearneyApp.app */;
			productType = "com.apple.product-type.application";
		};
/* End PBXNativeTarget section */

/* Begin PBXProject section */
		BD7B68F922395F2100C0DE35 /* Project object */ = {
			isa = PBXProject;
			attributes = {
				LastSwiftUpdateCheck = 1010;
				LastUpgradeCheck = 1010;
				ORGANIZATIONNAME = "Federico Lopez";
				TargetAttributes = {
					BD7B690022395F2100C0DE35 = {
						CreatedOnToolsVersion = 10.1;
					};
				};
			};
			buildConfigurationList = BD7B68FC22395F2100C0DE35 /* Build configuration list for PBXProject "ATKearneyApp" */;
			compatibilityVersion = "Xcode 9.3";
			developmentRegion = en;
			hasScannedForEncodings = 0;
			knownRegions = (
				en,
				Base,
			);
			mainGroup = BD7B68F822395F2100C0DE35;
			productRefGroup = BD7B690222395F2100C0DE35 /* Products */;
			projectDirPath = "";
			projectRoot = "";
			targets = (
				BD7B690022395F2100C0DE35 /* ATKearneyApp */,
			);
		};
/* End PBXProject section */

/* Begin PBXResourcesBuildPhase section */
		BD7B68FF22395F2100C0DE35 /* Resources */ = {
			isa = PBXResourcesBuildPhase;
			buildActionMask = 2147483647;
			files = (
				BD82FF5022399E5D008F6304 /* checkOFF.png in Resources */,
				BD3BABCA2239A8CD004521F4 /* UserCell.xib in Resources */,
				BD82B7B52239903D003825D8 /* UserSelectableCell.xib in Resources */,
				BD82B7A5223986C4003825D8 /* closeButton.png in Resources */,
				BD82B7AF22398B9F003825D8 /* backButton.png in Resources */,
				BD7B690F22395F2200C0DE35 /* LaunchScreen.storyboard in Resources */,
				BD7B690C22395F2200C0DE35 /* Assets.xcassets in Resources */,
				BD82B79F223969F6003825D8 /* GoogleService-Info.plist in Resources */,
				BD82FF4F22399E5D008F6304 /* checkON.png in Resources */,
				BD7B690A22395F2100C0DE35 /* Main.storyboard in Resources */,
				BD82B7A922398716003825D8 /* profileButton.png in Resources */,
			);
			runOnlyForDeploymentPostprocessing = 0;
		};
/* End PBXResourcesBuildPhase section */

/* Begin PBXShellScriptBuildPhase section */
		1CF06FE292D13D68C0462993 /* [CP] Embed Pods Frameworks */ = {
			isa = PBXShellScriptBuildPhase;
			buildActionMask = 2147483647;
			files = (
			);
			inputFileListPaths = (
			);
			inputPaths = (
				"${SRCROOT}/Pods/Target Support Files/Pods-ATKearneyApp/Pods-ATKearneyApp-frameworks.sh",
				"${BUILT_PRODUCTS_DIR}/GTMSessionFetcher/GTMSessionFetcher.framework",
				"${BUILT_PRODUCTS_DIR}/GoogleUtilities/GoogleUtilities.framework",
				"${BUILT_PRODUCTS_DIR}/leveldb-library/leveldb.framework",
				"${BUILT_PRODUCTS_DIR}/nanopb/nanopb.framework",
			);
			name = "[CP] Embed Pods Frameworks";
			outputFileListPaths = (
			);
			outputPaths = (
				"${TARGET_BUILD_DIR}/${FRAMEWORKS_FOLDER_PATH}/GTMSessionFetcher.framework",
				"${TARGET_BUILD_DIR}/${FRAMEWORKS_FOLDER_PATH}/GoogleUtilities.framework",
				"${TARGET_BUILD_DIR}/${FRAMEWORKS_FOLDER_PATH}/leveldb.framework",
				"${TARGET_BUILD_DIR}/${FRAMEWORKS_FOLDER_PATH}/nanopb.framework",
			);
			runOnlyForDeploymentPostprocessing = 0;
			shellPath = /bin/sh;
			shellScript = "\"${SRCROOT}/Pods/Target Support Files/Pods-ATKearneyApp/Pods-ATKearneyApp-frameworks.sh\"\n";
			showEnvVarsInLog = 0;
		};
		5D6AE42F668566EF83FC944C /* [CP] Check Pods Manifest.lock */ = {
			isa = PBXShellScriptBuildPhase;
			buildActionMask = 2147483647;
			files = (
			);
			inputFileListPaths = (
			);
			inputPaths = (
				"${PODS_PODFILE_DIR_PATH}/Podfile.lock",
				"${PODS_ROOT}/Manifest.lock",
			);
			name = "[CP] Check Pods Manifest.lock";
			outputFileListPaths = (
			);
			outputPaths = (
				"$(DERIVED_FILE_DIR)/Pods-ATKearneyApp-checkManifestLockResult.txt",
			);
			runOnlyForDeploymentPostprocessing = 0;
			shellPath = /bin/sh;
			shellScript = "diff \"${PODS_PODFILE_DIR_PATH}/Podfile.lock\" \"${PODS_ROOT}/Manifest.lock\" > /dev/null\nif [ $? != 0 ] ; then\n    # print error to STDERR\n    echo \"error: The sandbox is not in sync with the Podfile.lock. Run 'pod install' or update your CocoaPods installation.\" >&2\n    exit 1\nfi\n# This output is used by Xcode 'outputs' to avoid re-running this script phase.\necho \"SUCCESS\" > \"${SCRIPT_OUTPUT_FILE_0}\"\n";
			showEnvVarsInLog = 0;
		};
/* End PBXShellScriptBuildPhase section */

/* Begin PBXSourcesBuildPhase section */
		BD7B68FD22395F2100C0DE35 /* Sources */ = {
			isa = PBXSourcesBuildPhase;
			buildActionMask = 2147483647;
			files = (
				BD82B7A322397E1B003825D8 /* LoginViewController.swift in Sources */,
				BD82B7B42239903D003825D8 /* UserSelectableCell.swift in Sources */,
				BD82B7A122396D9B003825D8 /* CurrentUser.swift in Sources */,
				BD82B79D223966CC003825D8 /* FirebaseManager.swift in Sources */,
				BD82B7AB223987B5003825D8 /* NewProjectViewController.swift in Sources */,
				BD82B797223964AF003825D8 /* ProjectsViewController.swift in Sources */,
				BD82B7AD22398A75003825D8 /* UsersViewController.swift in Sources */,
				BD7B690522395F2100C0DE35 /* AppDelegate.swift in Sources */,
				BD82FF4C22399984008F6304 /* CurrentSelection.swift in Sources */,
				BD3BABC92239A8CD004521F4 /* UserCell.swift in Sources */,
				BD82B795223964A5003825D8 /* BaseViewController.swift in Sources */,
			);
			runOnlyForDeploymentPostprocessing = 0;
		};
/* End PBXSourcesBuildPhase section */

/* Begin PBXVariantGroup section */
		BD7B690822395F2100C0DE35 /* Main.storyboard */ = {
			isa = PBXVariantGroup;
			children = (
				BD7B690922395F2100C0DE35 /* Base */,
			);
			name = Main.storyboard;
			sourceTree = "<group>";
		};
		BD7B690D22395F2200C0DE35 /* LaunchScreen.storyboard */ = {
			isa = PBXVariantGroup;
			children = (
				BD7B690E22395F2200C0DE35 /* Base */,
			);
			name = LaunchScreen.storyboard;
			sourceTree = "<group>";
		};
/* End PBXVariantGroup section */

/* Begin XCBuildConfiguration section */
		BD7B691122395F2200C0DE35 /* Debug */ = {
			isa = XCBuildConfiguration;
			buildSettings = {
				ALWAYS_SEARCH_USER_PATHS = NO;
				CLANG_ANALYZER_NONNULL = YES;
				CLANG_ANALYZER_NUMBER_OBJECT_CONVERSION = YES_AGGRESSIVE;
				CLANG_CXX_LANGUAGE_STANDARD = "gnu++14";
				CLANG_CXX_LIBRARY = "libc++";
				CLANG_ENABLE_MODULES = YES;
				CLANG_ENABLE_OBJC_ARC = YES;
				CLANG_ENABLE_OBJC_WEAK = YES;
				CLANG_WARN_BLOCK_CAPTURE_AUTORELEASING = YES;
				CLANG_WARN_BOOL_CONVERSION = YES;
				CLANG_WARN_COMMA = YES;
				CLANG_WARN_CONSTANT_CONVERSION = YES;
				CLANG_WARN_DEPRECATED_OBJC_IMPLEMENTATIONS = YES;
				CLANG_WARN_DIRECT_OBJC_ISA_USAGE = YES_ERROR;
				CLANG_WARN_DOCUMENTATION_COMMENTS = YES;
				CLANG_WARN_EMPTY_BODY = YES;
				CLANG_WARN_ENUM_CONVERSION = YES;
				CLANG_WARN_INFINITE_RECURSION = YES;
				CLANG_WARN_INT_CONVERSION = YES;
				CLANG_WARN_NON_LITERAL_NULL_CONVERSION = YES;
				CLANG_WARN_OBJC_IMPLICIT_RETAIN_SELF = YES;
				CLANG_WARN_OBJC_LITERAL_CONVERSION = YES;
				CLANG_WARN_OBJC_ROOT_CLASS = YES_ERROR;
				CLANG_WARN_RANGE_LOOP_ANALYSIS = YES;
				CLANG_WARN_STRICT_PROTOTYPES = YES;
				CLANG_WARN_SUSPICIOUS_MOVE = YES;
				CLANG_WARN_UNGUARDED_AVAILABILITY = YES_AGGRESSIVE;
				CLANG_WARN_UNREACHABLE_CODE = YES;
				CLANG_WARN__DUPLICATE_METHOD_MATCH = YES;
				CODE_SIGN_IDENTITY = "iPhone Developer";
				COPY_PHASE_STRIP = NO;
				DEBUG_INFORMATION_FORMAT = dwarf;
				ENABLE_STRICT_OBJC_MSGSEND = YES;
				ENABLE_TESTABILITY = YES;
				GCC_C_LANGUAGE_STANDARD = gnu11;
				GCC_DYNAMIC_NO_PIC = NO;
				GCC_NO_COMMON_BLOCKS = YES;
				GCC_OPTIMIZATION_LEVEL = 0;
				GCC_PREPROCESSOR_DEFINITIONS = (
					"DEBUG=1",
					"$(inherited)",
				);
				GCC_WARN_64_TO_32_BIT_CONVERSION = YES;
				GCC_WARN_ABOUT_RETURN_TYPE = YES_ERROR;
				GCC_WARN_UNDECLARED_SELECTOR = YES;
				GCC_WARN_UNINITIALIZED_AUTOS = YES_AGGRESSIVE;
				GCC_WARN_UNUSED_FUNCTION = YES;
				GCC_WARN_UNUSED_VARIABLE = YES;
				IPHONEOS_DEPLOYMENT_TARGET = 12.1;
				MTL_ENABLE_DEBUG_INFO = INCLUDE_SOURCE;
				MTL_FAST_MATH = YES;
				ONLY_ACTIVE_ARCH = YES;
				SDKROOT = iphoneos;
				SWIFT_ACTIVE_COMPILATION_CONDITIONS = DEBUG;
				SWIFT_OPTIMIZATION_LEVEL = "-Onone";
			};
			name = Debug;
		};
		BD7B691222395F2200C0DE35 /* Release */ = {
			isa = XCBuildConfiguration;
			buildSettings = {
				ALWAYS_SEARCH_USER_PATHS = NO;
				CLANG_ANALYZER_NONNULL = YES;
				CLANG_ANALYZER_NUMBER_OBJECT_CONVERSION = YES_AGGRESSIVE;
				CLANG_CXX_LANGUAGE_STANDARD = "gnu++14";
				CLANG_CXX_LIBRARY = "libc++";
				CLANG_ENABLE_MODULES = YES;
				CLANG_ENABLE_OBJC_ARC = YES;
				CLANG_ENABLE_OBJC_WEAK = YES;
				CLANG_WARN_BLOCK_CAPTURE_AUTORELEASING = YES;
				CLANG_WARN_BOOL_CONVERSION = YES;
				CLANG_WARN_COMMA = YES;
				CLANG_WARN_CONSTANT_CONVERSION = YES;
				CLANG_WARN_DEPRECATED_OBJC_IMPLEMENTATIONS = YES;
				CLANG_WARN_DIRECT_OBJC_ISA_USAGE = YES_ERROR;
				CLANG_WARN_DOCUMENTATION_COMMENTS = YES;
				CLANG_WARN_EMPTY_BODY = YES;
				CLANG_WARN_ENUM_CONVERSION = YES;
				CLANG_WARN_INFINITE_RECURSION = YES;
				CLANG_WARN_INT_CONVERSION = YES;
				CLANG_WARN_NON_LITERAL_NULL_CONVERSION = YES;
				CLANG_WARN_OBJC_IMPLICIT_RETAIN_SELF = YES;
				CLANG_WARN_OBJC_LITERAL_CONVERSION = YES;
				CLANG_WARN_OBJC_ROOT_CLASS = YES_ERROR;
				CLANG_WARN_RANGE_LOOP_ANALYSIS = YES;
				CLANG_WARN_STRICT_PROTOTYPES = YES;
				CLANG_WARN_SUSPICIOUS_MOVE = YES;
				CLANG_WARN_UNGUARDED_AVAILABILITY = YES_AGGRESSIVE;
				CLANG_WARN_UNREACHABLE_CODE = YES;
				CLANG_WARN__DUPLICATE_METHOD_MATCH = YES;
				CODE_SIGN_IDENTITY = "iPhone Developer";
				COPY_PHASE_STRIP = NO;
				DEBUG_INFORMATION_FORMAT = "dwarf-with-dsym";
				ENABLE_NS_ASSERTIONS = NO;
				ENABLE_STRICT_OBJC_MSGSEND = YES;
				GCC_C_LANGUAGE_STANDARD = gnu11;
				GCC_NO_COMMON_BLOCKS = YES;
				GCC_WARN_64_TO_32_BIT_CONVERSION = YES;
				GCC_WARN_ABOUT_RETURN_TYPE = YES_ERROR;
				GCC_WARN_UNDECLARED_SELECTOR = YES;
				GCC_WARN_UNINITIALIZED_AUTOS = YES_AGGRESSIVE;
				GCC_WARN_UNUSED_FUNCTION = YES;
				GCC_WARN_UNUSED_VARIABLE = YES;
				IPHONEOS_DEPLOYMENT_TARGET = 12.1;
				MTL_ENABLE_DEBUG_INFO = NO;
				MTL_FAST_MATH = YES;
				SDKROOT = iphoneos;
				SWIFT_COMPILATION_MODE = wholemodule;
				SWIFT_OPTIMIZATION_LEVEL = "-O";
				VALIDATE_PRODUCT = YES;
			};
			name = Release;
		};
		BD7B691422395F2200C0DE35 /* Debug */ = {
			isa = XCBuildConfiguration;
			baseConfigurationReference = C6D672A18292CFB9EFD13DB9 /* Pods-ATKearneyApp.debug.xcconfig */;
			buildSettings = {
				ASSETCATALOG_COMPILER_APPICON_NAME = AppIcon;
				CODE_SIGN_STYLE = Automatic;
				DEVELOPMENT_TEAM = SW8S5Y74E8;
				INFOPLIST_FILE = ATKearneyApp/App/Info.plist;
				IPHONEOS_DEPLOYMENT_TARGET = 11.4;
				LD_RUNPATH_SEARCH_PATHS = (
					"$(inherited)",
					"@executable_path/Frameworks",
				);
				PRODUCT_BUNDLE_IDENTIFIER = com.gatoLab.ATKearneyApp;
				PRODUCT_NAME = "$(TARGET_NAME)";
				SWIFT_VERSION = 4.2;
				TARGETED_DEVICE_FAMILY = "1,2";
			};
			name = Debug;
		};
		BD7B691522395F2200C0DE35 /* Release */ = {
			isa = XCBuildConfiguration;
			baseConfigurationReference = D99FF67ABA930557895509B0 /* Pods-ATKearneyApp.release.xcconfig */;
			buildSettings = {
				ASSETCATALOG_COMPILER_APPICON_NAME = AppIcon;
				CODE_SIGN_STYLE = Automatic;
				DEVELOPMENT_TEAM = SW8S5Y74E8;
				INFOPLIST_FILE = ATKearneyApp/App/Info.plist;
				IPHONEOS_DEPLOYMENT_TARGET = 11.4;
				LD_RUNPATH_SEARCH_PATHS = (
					"$(inherited)",
					"@executable_path/Frameworks",
				);
				PRODUCT_BUNDLE_IDENTIFIER = com.gatoLab.ATKearneyApp;
				PRODUCT_NAME = "$(TARGET_NAME)";
				SWIFT_VERSION = 4.2;
				TARGETED_DEVICE_FAMILY = "1,2";
			};
			name = Release;
		};
/* End XCBuildConfiguration section */

/* Begin XCConfigurationList section */
		BD7B68FC22395F2100C0DE35 /* Build configuration list for PBXProject "ATKearneyApp" */ = {
			isa = XCConfigurationList;
			buildConfigurations = (
				BD7B691122395F2200C0DE35 /* Debug */,
				BD7B691222395F2200C0DE35 /* Release */,
			);
			defaultConfigurationIsVisible = 0;
			defaultConfigurationName = Release;
		};
		BD7B691322395F2200C0DE35 /* Build configuration list for PBXNativeTarget "ATKearneyApp" */ = {
			isa = XCConfigurationList;
			buildConfigurations = (
				BD7B691422395F2200C0DE35 /* Debug */,
				BD7B691522395F2200C0DE35 /* Release */,
			);
			defaultConfigurationIsVisible = 0;
			defaultConfigurationName = Release;
		};
/* End XCConfigurationList section */
	};
	rootObject = BD7B68F922395F2100C0DE35 /* Project object */;
}
